
Microsoft Visual Studio Solution File, Format Version 12.00
# Visual Studio Version 16
VisualStudioVersion = 16.0.30503.244
MinimumVisualStudioVersion = 10.0.40219.1
Project("{FAE04EC0-301F-11D3-BF4B-00C04F79EFBC}") = "MainAppMMS", "MainAppMMS\MainAppMMS.csproj", "{7F689080-C927-4D1C-A649-04B125BE6F59}"
EndProject
Global
	GlobalSection(SolutionConfigurationPlatforms) = preSolution
		Debug|Any CPU = Debug|Any CPU
		Release|Any CPU = Release|Any CPU
	EndGlobalSection
	GlobalSection(ProjectConfigurationPlatforms) = postSolution
		{7F689080-C927-4D1C-A649-04B125BE6F59}.Debug|Any CPU.ActiveCfg = Debug|Any CPU
		{7F689080-C927-4D1C-A649-04B125BE6F59}.Debug|Any CPU.Build.0 = Debug|Any CPU
		{7F689080-C927-4D1C-A649-04B125BE6F59}.Release|Any CPU.ActiveCfg = Release|Any CPU
		{7F689080-C927-4D1C-A649-04B125BE6F59}.Release|Any CPU.Build.0 = Release|Any CPU
	EndGlobalSection
	GlobalSection(SolutionProperties) = preSolution
		HideSolutionNode = FALSE
	EndGlobalSection
	GlobalSection(ExtensibilityGlobals) = postSolution
		SolutionGuid = {495B4E09-4A0E-4819-9448-E0F945CF5A4B}
	EndGlobalSection
EndGlobal
